
Microsoft Visual Studio Solution File, Format Version 12.00
# Visual Studio Version 17
VisualStudioVersion = 17.6.33815.320
MinimumVisualStudioVersion = 10.0.40219.1
Project("{FAE04EC0-301F-11D3-BF4B-00C04F79EFBC}") = "RecordingOfProgressIS.Infrastructure", "RecordingOfProgressIS.Infrastructure\RecordingOfProgressIS.Infrastructure.csproj", "{DDA9E162-B44E-49BF-95F8-93E3F0471690}"
EndProject
Project("{FAE04EC0-301F-11D3-BF4B-00C04F79EFBC}") = "RecordingOfProgressIS.Domain", "RecordingOfProgressIS.Domain\RecordingOfProgressIS.Domain.csproj", "{A595092B-8D90-5D47-8E90-CC8D0D946B39}"
EndProject
Project("{FAE04EC0-301F-11D3-BF4B-00C04F79EFBC}") = "RecordingOfProgressIS.API", "RecordingOfProgressIS.API\RecordingOfProgressIS.API.csproj", "{FEB004D1-E79B-4651-919F-8E02AB217A63}"
EndProject
Global
	GlobalSection(SolutionConfigurationPlatforms) = preSolution
		Debug|Any CPU = Debug|Any CPU
		Release|Any CPU = Release|Any CPU
	EndGlobalSection
	GlobalSection(ProjectConfigurationPlatforms) = postSolution
		{DDA9E162-B44E-49BF-95F8-93E3F0471690}.Debug|Any CPU.ActiveCfg = Debug|Any CPU
		{DDA9E162-B44E-49BF-95F8-93E3F0471690}.Debug|Any CPU.Build.0 = Debug|Any CPU
		{DDA9E162-B44E-49BF-95F8-93E3F0471690}.Release|Any CPU.ActiveCfg = Release|Any CPU
		{DDA9E162-B44E-49BF-95F8-93E3F0471690}.Release|Any CPU.Build.0 = Release|Any CPU
		{A595092B-8D90-5D47-8E90-CC8D0D946B39}.Debug|Any CPU.ActiveCfg = Debug|Any CPU
		{A595092B-8D90-5D47-8E90-CC8D0D946B39}.Debug|Any CPU.Build.0 = Debug|Any CPU
		{A595092B-8D90-5D47-8E90-CC8D0D946B39}.Release|Any CPU.ActiveCfg = Release|Any CPU
		{A595092B-8D90-5D47-8E90-CC8D0D946B39}.Release|Any CPU.Build.0 = Release|Any CPU
		{FEB004D1-E79B-4651-919F-8E02AB217A63}.Debug|Any CPU.ActiveCfg = Debug|Any CPU
		{FEB004D1-E79B-4651-919F-8E02AB217A63}.Debug|Any CPU.Build.0 = Debug|Any CPU
		{FEB004D1-E79B-4651-919F-8E02AB217A63}.Release|Any CPU.ActiveCfg = Release|Any CPU
		{FEB004D1-E79B-4651-919F-8E02AB217A63}.Release|Any CPU.Build.0 = Release|Any CPU
	EndGlobalSection
	GlobalSection(SolutionProperties) = preSolution
		HideSolutionNode = FALSE
	EndGlobalSection
	GlobalSection(ExtensibilityGlobals) = postSolution
		SolutionGuid = {57B04CCE-DDF7-4258-86EC-CAF5A7332160}
	EndGlobalSection
EndGlobal
